// !$*UTF8*$!
{
	archiveVersion = 1;
	classes = {
	};
	objectVersion = 56;
	objects = {

/* Begin PBXBuildFile section */
		24635D982C86C004009D21D2 /* tuneApp.swift in Sources */ = {isa = PBXBuildFile; fileRef = 24635D972C86C004009D21D2 /* tuneApp.swift */; };
		24635D9A2C86C004009D21D2 /* ContentView.swift in Sources */ = {isa = PBXBuildFile; fileRef = 24635D992C86C004009D21D2 /* ContentView.swift */; };
		24635D9C2C86C005009D21D2 /* Assets.xcassets in Resources */ = {isa = PBXBuildFile; fileRef = 24635D9B2C86C005009D21D2 /* Assets.xcassets */; };
		24635D9F2C86C005009D21D2 /* Preview Assets.xcassets in Resources */ = {isa = PBXBuildFile; fileRef = 24635D9E2C86C005009D21D2 /* Preview Assets.xcassets */; };
		2485D2E32C8A209700C82AC5 /* GuitarStringsView.swift in Sources */ = {isa = PBXBuildFile; fileRef = 2485D2E22C8A209700C82AC5 /* GuitarStringsView.swift */; };
		248B58A02C8A231100122C89 /* AudioPlayer.swift in Sources */ = {isa = PBXBuildFile; fileRef = 248B589F2C8A231100122C89 /* AudioPlayer.swift */; };
		248B58A22C8A248800122C89 /* AudioPlayerViewModel.swift in Sources */ = {isa = PBXBuildFile; fileRef = 248B58A12C8A248800122C89 /* AudioPlayerViewModel.swift */; };
		248B58A42C8A26BE00122C89 /* IAudioPlayer.swift in Sources */ = {isa = PBXBuildFile; fileRef = 248B58A32C8A26BE00122C89 /* IAudioPlayer.swift */; };
/* End PBXBuildFile section */

/* Begin PBXFileReference section */
		24635D942C86C004009D21D2 /* tune.app */ = {isa = PBXFileReference; explicitFileType = wrapper.application; includeInIndex = 0; path = tune.app; sourceTree = BUILT_PRODUCTS_DIR; };
		24635D972C86C004009D21D2 /* tuneApp.swift */ = {isa = PBXFileReference; lastKnownFileType = sourcecode.swift; path = tuneApp.swift; sourceTree = "<group>"; };
		24635D992C86C004009D21D2 /* ContentView.swift */ = {isa = PBXFileReference; lastKnownFileType = sourcecode.swift; path = ContentView.swift; sourceTree = "<group>"; };
		24635D9B2C86C005009D21D2 /* Assets.xcassets */ = {isa = PBXFileReference; lastKnownFileType = folder.assetcatalog; path = Assets.xcassets; sourceTree = "<group>"; };
		24635D9E2C86C005009D21D2 /* Preview Assets.xcassets */ = {isa = PBXFileReference; lastKnownFileType = folder.assetcatalog; path = "Preview Assets.xcassets"; sourceTree = "<group>"; };
		2485D2E22C8A209700C82AC5 /* GuitarStringsView.swift */ = {isa = PBXFileReference; lastKnownFileType = sourcecode.swift; path = GuitarStringsView.swift; sourceTree = "<group>"; };
		248B589F2C8A231100122C89 /* AudioPlayer.swift */ = {isa = PBXFileReference; lastKnownFileType = sourcecode.swift; path = AudioPlayer.swift; sourceTree = "<group>"; };
		248B58A12C8A248800122C89 /* AudioPlayerViewModel.swift */ = {isa = PBXFileReference; lastKnownFileType = sourcecode.swift; path = AudioPlayerViewModel.swift; sourceTree = "<group>"; };
		248B58A32C8A26BE00122C89 /* IAudioPlayer.swift */ = {isa = PBXFileReference; lastKnownFileType = sourcecode.swift; path = IAudioPlayer.swift; sourceTree = "<group>"; };
/* End PBXFileReference section */

/* Begin PBXFrameworksBuildPhase section */
		24635D912C86C003009D21D2 /* Frameworks */ = {
			isa = PBXFrameworksBuildPhase;
			buildActionMask = 2147483647;
			files = (
			);
			runOnlyForDeploymentPostprocessing = 0;
		};
/* End PBXFrameworksBuildPhase section */

/* Begin PBXGroup section */
		24635D8B2C86C003009D21D2 = {
			isa = PBXGroup;
			children = (
				24635D962C86C004009D21D2 /* tune */,
				24635D952C86C004009D21D2 /* Products */,
			);
			sourceTree = "<group>";
		};
		24635D952C86C004009D21D2 /* Products */ = {
			isa = PBXGroup;
			children = (
				24635D942C86C004009D21D2 /* tune.app */,
			);
			name = Products;
			sourceTree = "<group>";
		};
		24635D962C86C004009D21D2 /* tune */ = {
			isa = PBXGroup;
			children = (
				2485D2DF2C8A202400C82AC5 /* Model */,
				2485D2E02C8A202B00C82AC5 /* View */,
				2485D2E12C8A203500C82AC5 /* ViewModel */,
				24635D9B2C86C005009D21D2 /* Assets.xcassets */,
				24635D9D2C86C005009D21D2 /* Preview Content */,
			);
			path = tune;
			sourceTree = "<group>";
		};
		24635D9D2C86C005009D21D2 /* Preview Content */ = {
			isa = PBXGroup;
			children = (
				24635D9E2C86C005009D21D2 /* Preview Assets.xcassets */,
			);
			path = "Preview Content";
			sourceTree = "<group>";
		};
		2485D2DF2C8A202400C82AC5 /* Model */ = {
			isa = PBXGroup;
			children = (
				248B589F2C8A231100122C89 /* AudioPlayer.swift */,
				248B58A32C8A26BE00122C89 /* IAudioPlayer.swift */,
			);
			path = Model;
			sourceTree = "<group>";
		};
		2485D2E02C8A202B00C82AC5 /* View */ = {
			isa = PBXGroup;
			children = (
				24635D972C86C004009D21D2 /* tuneApp.swift */,
				24635D992C86C004009D21D2 /* ContentView.swift */,
				2485D2E22C8A209700C82AC5 /* GuitarStringsView.swift */,
			);
			path = View;
			sourceTree = "<group>";
		};
		2485D2E12C8A203500C82AC5 /* ViewModel */ = {
			isa = PBXGroup;
			children = (
				248B58A12C8A248800122C89 /* AudioPlayerViewModel.swift */,
			);
			path = ViewModel;
			sourceTree = "<group>";
		};
/* End PBXGroup section */

/* Begin PBXNativeTarget section */
		24635D932C86C003009D21D2 /* tune */ = {
			isa = PBXNativeTarget;
			buildConfigurationList = 24635DA22C86C005009D21D2 /* Build configuration list for PBXNativeTarget "tune" */;
			buildPhases = (
				24635D902C86C003009D21D2 /* Sources */,
				24635D912C86C003009D21D2 /* Frameworks */,
				24635D922C86C003009D21D2 /* Resources */,
			);
			buildRules = (
			);
			dependencies = (
			);
			name = tune;
			productName = tune;
			productReference = 24635D942C86C004009D21D2 /* tune.app */;
			productType = "com.apple.product-type.application";
		};
/* End PBXNativeTarget section */

/* Begin PBXProject section */
		24635D8C2C86C003009D21D2 /* Project object */ = {
			isa = PBXProject;
			attributes = {
				BuildIndependentTargetsInParallel = 1;
				LastSwiftUpdateCheck = 1540;
				LastUpgradeCheck = 1540;
				TargetAttributes = {
					24635D932C86C003009D21D2 = {
						CreatedOnToolsVersion = 15.4;
					};
				};
			};
			buildConfigurationList = 24635D8F2C86C003009D21D2 /* Build configuration list for PBXProject "tune" */;
			compatibilityVersion = "Xcode 14.0";
			developmentRegion = en;
			hasScannedForEncodings = 0;
			knownRegions = (
				en,
				Base,
			);
			mainGroup = 24635D8B2C86C003009D21D2;
			productRefGroup = 24635D952C86C004009D21D2 /* Products */;
			projectDirPath = "";
			projectRoot = "";
			targets = (
				24635D932C86C003009D21D2 /* tune */,
			);
		};
/* End PBXProject section */

/* Begin PBXResourcesBuildPhase section */
		24635D922C86C003009D21D2 /* Resources */ = {
			isa = PBXResourcesBuildPhase;
			buildActionMask = 2147483647;
			files = (
				24635D9F2C86C005009D21D2 /* Preview Assets.xcassets in Resources */,
				24635D9C2C86C005009D21D2 /* Assets.xcassets in Resources */,
			);
			runOnlyForDeploymentPostprocessing = 0;
		};
/* End PBXResourcesBuildPhase section */

/* Begin PBXSourcesBuildPhase section */
		24635D902C86C003009D21D2 /* Sources */ = {
			isa = PBXSourcesBuildPhase;
			buildActionMask = 2147483647;
			files = (
				24635D9A2C86C004009D21D2 /* ContentView.swift in Sources */,
				248B58A22C8A248800122C89 /* AudioPlayerViewModel.swift in Sources */,
				24635D982C86C004009D21D2 /* tuneApp.swift in Sources */,
				2485D2E32C8A209700C82AC5 /* GuitarStringsView.swift in Sources */,
				248B58A02C8A231100122C89 /* AudioPlayer.swift in Sources */,
				248B58A42C8A26BE00122C89 /* IAudioPlayer.swift in Sources */,
			);
			runOnlyForDeploymentPostprocessing = 0;
		};
/* End PBXSourcesBuildPhase section */

/* Begin XCBuildConfiguration section */
		24635DA02C86C005009D21D2 /* Debug */ = {
			isa = XCBuildConfiguration;
			buildSettings = {
				ALWAYS_SEARCH_USER_PATHS = NO;
				ASSETCATALOG_COMPILER_GENERATE_SWIFT_ASSET_SYMBOL_EXTENSIONS = YES;
				CLANG_ANALYZER_NONNULL = YES;
				CLANG_ANALYZER_NUMBER_OBJECT_CONVERSION = YES_AGGRESSIVE;
				CLANG_CXX_LANGUAGE_STANDARD = "gnu++20";
				CLANG_ENABLE_MODULES = YES;
				CLANG_ENABLE_OBJC_ARC = YES;
				CLANG_ENABLE_OBJC_WEAK = YES;
				CLANG_WARN_BLOCK_CAPTURE_AUTORELEASING = YES;
				CLANG_WARN_BOOL_CONVERSION = YES;
				CLANG_WARN_COMMA = YES;
				CLANG_WARN_CONSTANT_CONVERSION = YES;
				CLANG_WARN_DEPRECATED_OBJC_IMPLEMENTATIONS = YES;
				CLANG_WARN_DIRECT_OBJC_ISA_USAGE = YES_ERROR;
				CLANG_WARN_DOCUMENTATION_COMMENTS = YES;
				CLANG_WARN_EMPTY_BODY = YES;
				CLANG_WARN_ENUM_CONVERSION = YES;
				CLANG_WARN_INFINITE_RECURSION = YES;
				CLANG_WARN_INT_CONVERSION = YES;
				CLANG_WARN_NON_LITERAL_NULL_CONVERSION = YES;
				CLANG_WARN_OBJC_IMPLICIT_RETAIN_SELF = YES;
				CLANG_WARN_OBJC_LITERAL_CONVERSION = YES;
				CLANG_WARN_OBJC_ROOT_CLASS = YES_ERROR;
				CLANG_WARN_QUOTED_INCLUDE_IN_FRAMEWORK_HEADER = YES;
				CLANG_WARN_RANGE_LOOP_ANALYSIS = YES;
				CLANG_WARN_STRICT_PROTOTYPES = YES;
				CLANG_WARN_SUSPICIOUS_MOVE = YES;
				CLANG_WARN_UNGUARDED_AVAILABILITY = YES_AGGRESSIVE;
				CLANG_WARN_UNREACHABLE_CODE = YES;
				CLANG_WARN__DUPLICATE_METHOD_MATCH = YES;
				COPY_PHASE_STRIP = NO;
				DEBUG_INFORMATION_FORMAT = dwarf;
				ENABLE_STRICT_OBJC_MSGSEND = YES;
				ENABLE_TESTABILITY = YES;
				ENABLE_USER_SCRIPT_SANDBOXING = YES;
				GCC_C_LANGUAGE_STANDARD = gnu17;
				GCC_DYNAMIC_NO_PIC = NO;
				GCC_NO_COMMON_BLOCKS = YES;
				GCC_OPTIMIZATION_LEVEL = 0;
				GCC_PREPROCESSOR_DEFINITIONS = (
					"DEBUG=1",
					"$(inherited)",
				);
				GCC_WARN_64_TO_32_BIT_CONVERSION = YES;
				GCC_WARN_ABOUT_RETURN_TYPE = YES_ERROR;
				GCC_WARN_UNDECLARED_SELECTOR = YES;
				GCC_WARN_UNINITIALIZED_AUTOS = YES_AGGRESSIVE;
				GCC_WARN_UNUSED_FUNCTION = YES;
				GCC_WARN_UNUSED_VARIABLE = YES;
				IPHONEOS_DEPLOYMENT_TARGET = 17.5;
				LOCALIZATION_PREFERS_STRING_CATALOGS = YES;
				MTL_ENABLE_DEBUG_INFO = INCLUDE_SOURCE;
				MTL_FAST_MATH = YES;
				ONLY_ACTIVE_ARCH = YES;
				SDKROOT = iphoneos;
				SWIFT_ACTIVE_COMPILATION_CONDITIONS = "DEBUG $(inherited)";
				SWIFT_OPTIMIZATION_LEVEL = "-Onone";
			};
			name = Debug;
		};
		24635DA12C86C005009D21D2 /* Release */ = {
			isa = XCBuildConfiguration;
			buildSettings = {
				ALWAYS_SEARCH_USER_PATHS = NO;
				ASSETCATALOG_COMPILER_GENERATE_SWIFT_ASSET_SYMBOL_EXTENSIONS = YES;
				CLANG_ANALYZER_NONNULL = YES;
				CLANG_ANALYZER_NUMBER_OBJECT_CONVERSION = YES_AGGRESSIVE;
				CLANG_CXX_LANGUAGE_STANDARD = "gnu++20";
				CLANG_ENABLE_MODULES = YES;
				CLANG_ENABLE_OBJC_ARC = YES;
				CLANG_ENABLE_OBJC_WEAK = YES;
				CLANG_WARN_BLOCK_CAPTURE_AUTORELEASING = YES;
				CLANG_WARN_BOOL_CONVERSION = YES;
				CLANG_WARN_COMMA = YES;
				CLANG_WARN_CONSTANT_CONVERSION = YES;
				CLANG_WARN_DEPRECATED_OBJC_IMPLEMENTATIONS = YES;
				CLANG_WARN_DIRECT_OBJC_ISA_USAGE = YES_ERROR;
				CLANG_WARN_DOCUMENTATION_COMMENTS = YES;
				CLANG_WARN_EMPTY_BODY = YES;
				CLANG_WARN_ENUM_CONVERSION = YES;
				CLANG_WARN_INFINITE_RECURSION = YES;
				CLANG_WARN_INT_CONVERSION = YES;
				CLANG_WARN_NON_LITERAL_NULL_CONVERSION = YES;
				CLANG_WARN_OBJC_IMPLICIT_RETAIN_SELF = YES;
				CLANG_WARN_OBJC_LITERAL_CONVERSION = YES;
				CLANG_WARN_OBJC_ROOT_CLASS = YES_ERROR;
				CLANG_WARN_QUOTED_INCLUDE_IN_FRAMEWORK_HEADER = YES;
				CLANG_WARN_RANGE_LOOP_ANALYSIS = YES;
				CLANG_WARN_STRICT_PROTOTYPES = YES;
				CLANG_WARN_SUSPICIOUS_MOVE = YES;
				CLANG_WARN_UNGUARDED_AVAILABILITY = YES_AGGRESSIVE;
				CLANG_WARN_UNREACHABLE_CODE = YES;
				CLANG_WARN__DUPLICATE_METHOD_MATCH = YES;
				COPY_PHASE_STRIP = NO;
				DEBUG_INFORMATION_FORMAT = "dwarf-with-dsym";
				ENABLE_NS_ASSERTIONS = NO;
				ENABLE_STRICT_OBJC_MSGSEND = YES;
				ENABLE_USER_SCRIPT_SANDBOXING = YES;
				GCC_C_LANGUAGE_STANDARD = gnu17;
				GCC_NO_COMMON_BLOCKS = YES;
				GCC_WARN_64_TO_32_BIT_CONVERSION = YES;
				GCC_WARN_ABOUT_RETURN_TYPE = YES_ERROR;
				GCC_WARN_UNDECLARED_SELECTOR = YES;
				GCC_WARN_UNINITIALIZED_AUTOS = YES_AGGRESSIVE;
				GCC_WARN_UNUSED_FUNCTION = YES;
				GCC_WARN_UNUSED_VARIABLE = YES;
				IPHONEOS_DEPLOYMENT_TARGET = 17.5;
				LOCALIZATION_PREFERS_STRING_CATALOGS = YES;
				MTL_ENABLE_DEBUG_INFO = NO;
				MTL_FAST_MATH = YES;
				SDKROOT = iphoneos;
				SWIFT_COMPILATION_MODE = wholemodule;
				VALIDATE_PRODUCT = YES;
			};
			name = Release;
		};
		24635DA32C86C005009D21D2 /* Debug */ = {
			isa = XCBuildConfiguration;
			buildSettings = {
				ASSETCATALOG_COMPILER_APPICON_NAME = AppIcon;
				ASSETCATALOG_COMPILER_GLOBAL_ACCENT_COLOR_NAME = AccentColor;
				CODE_SIGN_STYLE = Automatic;
				CURRENT_PROJECT_VERSION = 1;
				DEVELOPMENT_ASSET_PATHS = "\"tune/Preview Content\"";
				ENABLE_PREVIEWS = YES;
				GENERATE_INFOPLIST_FILE = YES;
				INFOPLIST_KEY_UIApplicationSceneManifest_Generation = YES;
				INFOPLIST_KEY_UIApplicationSupportsIndirectInputEvents = YES;
				INFOPLIST_KEY_UILaunchScreen_Generation = YES;
				INFOPLIST_KEY_UISupportedInterfaceOrientations_iPad = "UIInterfaceOrientationPortrait UIInterfaceOrientationPortraitUpsideDown UIInterfaceOrientationLandscapeLeft UIInterfaceOrientationLandscapeRight";
				INFOPLIST_KEY_UISupportedInterfaceOrientations_iPhone = "UIInterfaceOrientationPortrait UIInterfaceOrientationLandscapeLeft UIInterfaceOrientationLandscapeRight";
				LD_RUNPATH_SEARCH_PATHS = (
					"$(inherited)",
					"@executable_path/Frameworks",
				);
				MARKETING_VERSION = 1.0;
				PRODUCT_BUNDLE_IDENTIFIER = cz.ivna.tune;
				PRODUCT_NAME = "$(TARGET_NAME)";
				SWIFT_EMIT_LOC_STRINGS = YES;
				SWIFT_VERSION = 5.0;
				TARGETED_DEVICE_FAMILY = "1,2";
			};
			name = Debug;
		};
		24635DA42C86C005009D21D2 /* Release */ = {
			isa = XCBuildConfiguration;
			buildSettings = {
				ASSETCATALOG_COMPILER_APPICON_NAME = AppIcon;
				ASSETCATALOG_COMPILER_GLOBAL_ACCENT_COLOR_NAME = AccentColor;
				CODE_SIGN_STYLE = Automatic;
				CURRENT_PROJECT_VERSION = 1;
				DEVELOPMENT_ASSET_PATHS = "\"tune/Preview Content\"";
				ENABLE_PREVIEWS = YES;
				GENERATE_INFOPLIST_FILE = YES;
				INFOPLIST_KEY_UIApplicationSceneManifest_Generation = YES;
				INFOPLIST_KEY_UIApplicationSupportsIndirectInputEvents = YES;
				INFOPLIST_KEY_UILaunchScreen_Generation = YES;
				INFOPLIST_KEY_UISupportedInterfaceOrientations_iPad = "UIInterfaceOrientationPortrait UIInterfaceOrientationPortraitUpsideDown UIInterfaceOrientationLandscapeLeft UIInterfaceOrientationLandscapeRight";
				INFOPLIST_KEY_UISupportedInterfaceOrientations_iPhone = "UIInterfaceOrientationPortrait UIInterfaceOrientationLandscapeLeft UIInterfaceOrientationLandscapeRight";
				LD_RUNPATH_SEARCH_PATHS = (
					"$(inherited)",
					"@executable_path/Frameworks",
				);
				MARKETING_VERSION = 1.0;
				PRODUCT_BUNDLE_IDENTIFIER = cz.ivna.tune;
				PRODUCT_NAME = "$(TARGET_NAME)";
				SWIFT_EMIT_LOC_STRINGS = YES;
				SWIFT_VERSION = 5.0;
				TARGETED_DEVICE_FAMILY = "1,2";
			};
			name = Release;
		};
/* End XCBuildConfiguration section */

/* Begin XCConfigurationList section */
		24635D8F2C86C003009D21D2 /* Build configuration list for PBXProject "tune" */ = {
			isa = XCConfigurationList;
			buildConfigurations = (
				24635DA02C86C005009D21D2 /* Debug */,
				24635DA12C86C005009D21D2 /* Release */,
			);
			defaultConfigurationIsVisible = 0;
			defaultConfigurationName = Release;
		};
		24635DA22C86C005009D21D2 /* Build configuration list for PBXNativeTarget "tune" */ = {
			isa = XCConfigurationList;
			buildConfigurations = (
				24635DA32C86C005009D21D2 /* Debug */,
				24635DA42C86C005009D21D2 /* Release */,
			);
			defaultConfigurationIsVisible = 0;
			defaultConfigurationName = Release;
		};
/* End XCConfigurationList section */
	};
	rootObject = 24635D8C2C86C003009D21D2 /* Project object */;
}
